{
    "hash": "96af1a6779290301d083b8319f76bfcb",
    "packages": [
        {
            "name": "phergie/phergie-irc-parser",
            "version": "1.1.0",
            "source": {
                "type": "git",
                "url": "https://github.com/phergie/phergie-irc-parser.git",
                "reference": "1.1.0"
            },
            "dist": {
                "type": "zip",
                "url": "https://api.github.com/repos/phergie/phergie-irc-parser/zipball/1.1.0",
                "reference": "1.1.0",
                "shasum": ""
            },
            "require": {
                "php": ">=5.3.3"
            },
            "type": "library",
            "autoload": {
                "psr-0": {
                    "Phergie": "src"
                }
            },
            "notification-url": "https://packagist.org/downloads/",
            "license": [
                "BSD-2-Clause"
            ],
            "description": "Parser for messages conforming to the IRC protocol",
            "keywords": [
                "irc",
                "parser"
            ],
            "time": "2013-03-05 02:27:51"
        }
    ],
    "packages-dev": [

    ],
    "aliases": [

    ],
    "minimum-stability": "stable",
    "stability-flags": [

    ],
    "platform": {
        "php": ">= 5.3"
    },
    "platform-dev": [

    ]
}
