{
    "_readme": [
        "This file locks the dependencies of your project to a known state",
        "Read more about it at http://getcomposer.org/doc/01-basic-usage.md#composer-lock-the-lock-file"
    ],
    "hash": "ba7ab28abb106537580dca8aec5cbd6a",
    "packages": [
        {
            "name": "phergie/phergie-irc-parser",
            "version": "1.4.0",
            "source": {
                "type": "git",
                "url": "https://github.com/phergie/phergie-irc-parser.git",
                "reference": "62b0ff3e831738111b949f725da9c4189aa19806"
            },
            "dist": {
                "type": "zip",
                "url": "https://api.github.com/repos/phergie/phergie-irc-parser/zipball/62b0ff3e831738111b949f725da9c4189aa19806",
                "reference": "62b0ff3e831738111b949f725da9c4189aa19806",
                "shasum": ""
            },
            "require": {
                "php": ">=5.3.3"
            },
            "type": "library",
            "autoload": {
                "psr-0": {
                    "Phergie": "src"
                }
            },
            "notification-url": "https://packagist.org/downloads/",
            "license": [
                "BSD-2-Clause"
            ],
            "description": "Parser for messages conforming to the IRC protocol",
            "keywords": [
                "irc",
                "parser"
            ],
            "time": "2013-11-05 08:43:13"
        }
    ],
    "packages-dev": [

    ],
    "aliases": [

    ],
    "minimum-stability": "stable",
    "stability-flags": [

    ],
    "platform": {
        "php": ">= 5.3"
    },
    "platform-dev": [

    ]
}
