{
    "hash": "9e22b95f17fb186475cc937cc85fdcfb",
    "packages": [
        {
            "name": "phergie/phergie-irc-parser",
            "version": "dev-master",
            "source": {
                "type": "git",
                "url": "https://github.com/phergie/phergie-irc-parser",
                "reference": "a8a145b1fc2bf512d4f54cba9ee09325e283c649"
            },
            "dist": {
                "type": "zip",
                "url": "https://api.github.com/repos/phergie/phergie-irc-parser/zipball/a8a145b1fc2bf512d4f54cba9ee09325e283c649",
                "reference": "a8a145b1fc2bf512d4f54cba9ee09325e283c649",
                "shasum": ""
            },
            "require": {
                "php": ">=5.3.3"
            },
            "time": "2013-02-06 01:54:18",
            "type": "library",
            "autoload": {
                "psr-0": {
                    "Phergie": "src"
                }
            },
            "notification-url": "https://packagist.org/downloads/",
            "license": [
                "BSD-2-Clause"
            ],
            "description": "Parser for messages conforming to the IRC protocol",
            "keywords": [
                "irc",
                "parser"
            ]
        }
    ],
    "packages-dev": null,
    "aliases": [

    ],
    "minimum-stability": "stable",
    "stability-flags": {
        "phergie/phergie-irc-parser": 20
    }
}
